
Microsoft Visual Studio Solution File, Format Version 12.00
# Visual Studio Version 16
VisualStudioVersion = 16.0.29926.136
MinimumVisualStudioVersion = 10.0.40219.1
Project("{FAE04EC0-301F-11D3-BF4B-00C04F79EFBC}") = "LastChance", "LastChance.csproj", "{8FEA6D5B-8CC1-4A22-AFF1-F46540DC0936}"
EndProject
Global
	GlobalSection(SolutionConfigurationPlatforms) = preSolution
		Debug|Any CPU = Debug|Any CPU
		Release|Any CPU = Release|Any CPU
	EndGlobalSection
	GlobalSection(ProjectConfigurationPlatforms) = postSolution
		{8FEA6D5B-8CC1-4A22-AFF1-F46540DC0936}.Debug|Any CPU.ActiveCfg = Debug|Any CPU
		{8FEA6D5B-8CC1-4A22-AFF1-F46540DC0936}.Debug|Any CPU.Build.0 = Debug|Any CPU
		{8FEA6D5B-8CC1-4A22-AFF1-F46540DC0936}.Release|Any CPU.ActiveCfg = Release|Any CPU
		{8FEA6D5B-8CC1-4A22-AFF1-F46540DC0936}.Release|Any CPU.Build.0 = Release|Any CPU
	EndGlobalSection
	GlobalSection(SolutionProperties) = preSolution
		HideSolutionNode = FALSE
	EndGlobalSection
	GlobalSection(ExtensibilityGlobals) = postSolution
		SolutionGuid = {6B02928D-DA3B-42FF-8D12-3E4912AEE5F1}
	EndGlobalSection
EndGlobal
